
Microsoft Visual Studio Solution File, Format Version 12.00
Project("{FAE04EC0-301F-11D3-BF4B-00C04F79EFBC}") = "vFrame.Core", "vFrame.Core\vFrame.Core.csproj", "{A2711064-B77A-47D1-BD1D-581BE4ED1FCE}"
EndProject
Global
	GlobalSection(SolutionConfigurationPlatforms) = preSolution
		Debug|Any CPU = Debug|Any CPU
		Release|Any CPU = Release|Any CPU
	EndGlobalSection
	GlobalSection(ProjectConfigurationPlatforms) = postSolution
		{A2711064-B77A-47D1-BD1D-581BE4ED1FCE}.Debug|Any CPU.ActiveCfg = Debug|Any CPU
		{A2711064-B77A-47D1-BD1D-581BE4ED1FCE}.Debug|Any CPU.Build.0 = Debug|Any CPU
		{A2711064-B77A-47D1-BD1D-581BE4ED1FCE}.Release|Any CPU.ActiveCfg = Release|Any CPU
		{A2711064-B77A-47D1-BD1D-581BE4ED1FCE}.Release|Any CPU.Build.0 = Release|Any CPU
	EndGlobalSection
EndGlobal
