
Microsoft Visual Studio Solution File, Format Version 12.00
# Visual Studio 15
VisualStudioVersion = 15.0.28307.1145
MinimumVisualStudioVersion = 10.0.40219.1
Project("{FAE04EC0-301F-11D3-BF4B-00C04F79EFBC}") = "vFrame.Core.Unity", "vFrame.Core.Unity\vFrame.Core.Unity.csproj", "{95047269-9482-43B6-923C-5B7899385702}"
EndProject
Project("{FAE04EC0-301F-11D3-BF4B-00C04F79EFBC}") = "vFrame.Core.Lite", "vFrame.Core.Lite\vFrame.Core.Lite.csproj", "{A2711064-B77A-47D1-BD1D-581BE4ED1FCE}"
EndProject
Project("{FAE04EC0-301F-11D3-BF4B-00C04F79EFBC}") = "vFrame.Core.Editor", "vFrame.Core.Editor\vFrame.Core.Editor.csproj", "{3E558A1F-FFBE-466D-B277-9CA8EC22B55F}"
EndProject
Project("{FAE04EC0-301F-11D3-BF4B-00C04F79EFBC}") = "vFrame.Core.Test", "vFrame.Core.Test\vFrame.Core.Test.csproj", "{213499B1-1EDC-4511-A4FF-607EB69AF8D5}"
EndProject
Global
	GlobalSection(Performance) = preSolution
		HasPerformanceSessions = true
	EndGlobalSection
	GlobalSection(SolutionConfigurationPlatforms) = preSolution
		Debug|Any CPU = Debug|Any CPU
		Release|Any CPU = Release|Any CPU
	EndGlobalSection
	GlobalSection(ProjectConfigurationPlatforms) = postSolution
		{95047269-9482-43B6-923C-5B7899385702}.Debug|Any CPU.ActiveCfg = Debug|Any CPU
		{95047269-9482-43B6-923C-5B7899385702}.Debug|Any CPU.Build.0 = Debug|Any CPU
		{95047269-9482-43B6-923C-5B7899385702}.Release|Any CPU.ActiveCfg = Release|Any CPU
		{95047269-9482-43B6-923C-5B7899385702}.Release|Any CPU.Build.0 = Release|Any CPU
		{A2711064-B77A-47D1-BD1D-581BE4ED1FCE}.Debug|Any CPU.ActiveCfg = Debug|Any CPU
		{A2711064-B77A-47D1-BD1D-581BE4ED1FCE}.Debug|Any CPU.Build.0 = Debug|Any CPU
		{A2711064-B77A-47D1-BD1D-581BE4ED1FCE}.Release|Any CPU.ActiveCfg = Release|Any CPU
		{A2711064-B77A-47D1-BD1D-581BE4ED1FCE}.Release|Any CPU.Build.0 = Release|Any CPU
		{3E558A1F-FFBE-466D-B277-9CA8EC22B55F}.Debug|Any CPU.ActiveCfg = Debug|Any CPU
		{3E558A1F-FFBE-466D-B277-9CA8EC22B55F}.Debug|Any CPU.Build.0 = Debug|Any CPU
		{3E558A1F-FFBE-466D-B277-9CA8EC22B55F}.Release|Any CPU.ActiveCfg = Release|Any CPU
		{3E558A1F-FFBE-466D-B277-9CA8EC22B55F}.Release|Any CPU.Build.0 = Release|Any CPU
		{213499B1-1EDC-4511-A4FF-607EB69AF8D5}.Debug|Any CPU.ActiveCfg = Debug|Any CPU
		{213499B1-1EDC-4511-A4FF-607EB69AF8D5}.Debug|Any CPU.Build.0 = Debug|Any CPU
		{213499B1-1EDC-4511-A4FF-607EB69AF8D5}.Release|Any CPU.ActiveCfg = Release|Any CPU
		{213499B1-1EDC-4511-A4FF-607EB69AF8D5}.Release|Any CPU.Build.0 = Release|Any CPU
	EndGlobalSection
	GlobalSection(SolutionProperties) = preSolution
		HideSolutionNode = FALSE
	EndGlobalSection
	GlobalSection(ExtensibilityGlobals) = postSolution
		SolutionGuid = {3BAA3A33-8C2D-4AC2-94DC-1685277F4CF4}
	EndGlobalSection
	GlobalSection(Performance) = preSolution
		HasPerformanceSessions = true
	EndGlobalSection
EndGlobal
